
Microsoft Visual Studio Solution File, Format Version 12.00
# Visual Studio Version 17
VisualStudioVersion = 17.1.32407.343
MinimumVisualStudioVersion = 10.0.40219.1
Project("{FAE04EC0-301F-11D3-BF4B-00C04F79EFBC}") = "HelloWorldService", "HelloWorldService.csproj", "{DD937B2E-424A-4D61-A8FA-95241C850D42}"
EndProject
Project("{FAE04EC0-301F-11D3-BF4B-00C04F79EFBC}") = "MyMinimalService", "..\MyMinimalService\MyMinimalService.csproj", "{C74F17C4-567F-4E40-9A22-CF7817ECF10A}"
EndProject
Global
	GlobalSection(SolutionConfigurationPlatforms) = preSolution
		Debug|Any CPU = Debug|Any CPU
		Release|Any CPU = Release|Any CPU
	EndGlobalSection
	GlobalSection(ProjectConfigurationPlatforms) = postSolution
		{DD937B2E-424A-4D61-A8FA-95241C850D42}.Debug|Any CPU.ActiveCfg = Debug|Any CPU
		{DD937B2E-424A-4D61-A8FA-95241C850D42}.Debug|Any CPU.Build.0 = Debug|Any CPU
		{DD937B2E-424A-4D61-A8FA-95241C850D42}.Release|Any CPU.ActiveCfg = Release|Any CPU
		{DD937B2E-424A-4D61-A8FA-95241C850D42}.Release|Any CPU.Build.0 = Release|Any CPU
		{C74F17C4-567F-4E40-9A22-CF7817ECF10A}.Debug|Any CPU.ActiveCfg = Debug|Any CPU
		{C74F17C4-567F-4E40-9A22-CF7817ECF10A}.Debug|Any CPU.Build.0 = Debug|Any CPU
		{C74F17C4-567F-4E40-9A22-CF7817ECF10A}.Release|Any CPU.ActiveCfg = Release|Any CPU
		{C74F17C4-567F-4E40-9A22-CF7817ECF10A}.Release|Any CPU.Build.0 = Release|Any CPU
	EndGlobalSection
	GlobalSection(SolutionProperties) = preSolution
		HideSolutionNode = FALSE
	EndGlobalSection
	GlobalSection(ExtensibilityGlobals) = postSolution
		SolutionGuid = {5EA932FE-3187-4C6E-98E3-C74E49E9132A}
	EndGlobalSection
EndGlobal
